
Microsoft Visual Studio Solution File, Format Version 12.00
# Visual Studio Version 16
VisualStudioVersion = 16.0.30114.105
MinimumVisualStudioVersion = 10.0.40219.1
Project("{FAE04EC0-301F-11D3-BF4B-00C04F79EFBC}") = "Simula.Scripting.Emit", "..\Simula.Scripting.Emit\Simula.Scripting.Emit.csproj", "{693B50F0-8045-4436-A21C-AD29B994BE5A}"
EndProject
Project("{FAE04EC0-301F-11D3-BF4B-00C04F79EFBC}") = "Simula.Maths", "..\Simula.Maths\Simula.Maths.csproj", "{7B96FB69-C918-4C0D-AD78-D63A3C670C9F}"
EndProject
Project("{FAE04EC0-301F-11D3-BF4B-00C04F79EFBC}") = "Simula.Scripting.Json", "..\Simula.Scripting.Json\Simula.Scripting.Json.csproj", "{0A5AB280-5E37-4C44-A05B-9C6D07D0F7BF}"
EndProject
Project("{FAE04EC0-301F-11D3-BF4B-00C04F79EFBC}") = "Simula.TeX", "..\Simula.TeX\Simula.TeX.csproj", "{8D07EC0B-17AC-4119-AD00-E22749991F59}"
EndProject
Project("{FAE04EC0-301F-11D3-BF4B-00C04F79EFBC}") = "Simula.Scripting.Packaging", "..\Simula.Scripting.Packaging\Simula.Scripting.Packaging.csproj", "{E3C91707-6CF5-445D-8BA0-55D0BEDDF5CD}"
EndProject
Project("{FAE04EC0-301F-11D3-BF4B-00C04F79EFBC}") = "Simula.Scripting.Compression", "..\Simula.Scripting.Compression\Simula.Scripting.Compression.csproj", "{123A344F-B1EF-4E08-A27B-15E852CF62D4}"
EndProject
Project("{FAE04EC0-301F-11D3-BF4B-00C04F79EFBC}") = "Simula.Editor", "..\Simula.Editor\Simula.Editor.csproj", "{D74412FA-AFED-46F8-98A8-2F1EA71D7FF3}"
EndProject
Project("{FAE04EC0-301F-11D3-BF4B-00C04F79EFBC}") = "Simula", "Simula.csproj", "{0B211FD1-AF0D-49E6-9012-004370D6353C}"
EndProject
Project("{FAE04EC0-301F-11D3-BF4B-00C04F79EFBC}") = "Simula.Resources", "..\Simula.Resources\Simula.Resources.csproj", "{CA54C164-B6BA-47D4-B3E5-DD8CF7DD7290}"
EndProject
Project("{FAE04EC0-301F-11D3-BF4B-00C04F79EFBC}") = "Simula.Scripting.Git", "..\Simula.Scripting.Git\Simula.Scripting.Git.csproj", "{11D73DCB-5C18-4300-9154-F3D6B044EBB0}"
EndProject
Global
	GlobalSection(SolutionConfigurationPlatforms) = preSolution
		Debug|Any CPU = Debug|Any CPU
		Debug|Net35 = Debug|Net35
		Debug|Net40 = Debug|Net40
		Debug|WithNRefactory = Debug|WithNRefactory
		Debug|x64 = Debug|x64
		Debug|x86 = Debug|x86
		Release|Any CPU = Release|Any CPU
		Release|Net35 = Release|Net35
		Release|Net40 = Release|Net40
		Release|WithNRefactory = Release|WithNRefactory
		Release|x64 = Release|x64
		Release|x86 = Release|x86
	EndGlobalSection
	GlobalSection(ProjectConfigurationPlatforms) = postSolution
		{693B50F0-8045-4436-A21C-AD29B994BE5A}.Debug|Any CPU.ActiveCfg = Debug|Any CPU
		{693B50F0-8045-4436-A21C-AD29B994BE5A}.Debug|Any CPU.Build.0 = Debug|Any CPU
		{693B50F0-8045-4436-A21C-AD29B994BE5A}.Debug|Net35.ActiveCfg = Debug|Any CPU
		{693B50F0-8045-4436-A21C-AD29B994BE5A}.Debug|Net35.Build.0 = Debug|Any CPU
		{693B50F0-8045-4436-A21C-AD29B994BE5A}.Debug|Net40.ActiveCfg = Debug|Any CPU
		{693B50F0-8045-4436-A21C-AD29B994BE5A}.Debug|Net40.Build.0 = Debug|Any CPU
		{693B50F0-8045-4436-A21C-AD29B994BE5A}.Debug|WithNRefactory.ActiveCfg = Debug|Any CPU
		{693B50F0-8045-4436-A21C-AD29B994BE5A}.Debug|WithNRefactory.Build.0 = Debug|Any CPU
		{693B50F0-8045-4436-A21C-AD29B994BE5A}.Debug|x64.ActiveCfg = Debug|Any CPU
		{693B50F0-8045-4436-A21C-AD29B994BE5A}.Debug|x64.Build.0 = Debug|Any CPU
		{693B50F0-8045-4436-A21C-AD29B994BE5A}.Debug|x86.ActiveCfg = Debug|Any CPU
		{693B50F0-8045-4436-A21C-AD29B994BE5A}.Debug|x86.Build.0 = Debug|Any CPU
		{693B50F0-8045-4436-A21C-AD29B994BE5A}.Release|Any CPU.ActiveCfg = Release|Any CPU
		{693B50F0-8045-4436-A21C-AD29B994BE5A}.Release|Any CPU.Build.0 = Release|Any CPU
		{693B50F0-8045-4436-A21C-AD29B994BE5A}.Release|Net35.ActiveCfg = Release|Any CPU
		{693B50F0-8045-4436-A21C-AD29B994BE5A}.Release|Net35.Build.0 = Release|Any CPU
		{693B50F0-8045-4436-A21C-AD29B994BE5A}.Release|Net40.ActiveCfg = Release|Any CPU
		{693B50F0-8045-4436-A21C-AD29B994BE5A}.Release|Net40.Build.0 = Release|Any CPU
		{693B50F0-8045-4436-A21C-AD29B994BE5A}.Release|WithNRefactory.ActiveCfg = Release|Any CPU
		{693B50F0-8045-4436-A21C-AD29B994BE5A}.Release|WithNRefactory.Build.0 = Release|Any CPU
		{693B50F0-8045-4436-A21C-AD29B994BE5A}.Release|x64.ActiveCfg = Release|Any CPU
		{693B50F0-8045-4436-A21C-AD29B994BE5A}.Release|x64.Build.0 = Release|Any CPU
		{693B50F0-8045-4436-A21C-AD29B994BE5A}.Release|x86.ActiveCfg = Release|Any CPU
		{693B50F0-8045-4436-A21C-AD29B994BE5A}.Release|x86.Build.0 = Release|Any CPU
		{7B96FB69-C918-4C0D-AD78-D63A3C670C9F}.Debug|Any CPU.ActiveCfg = Debug|Any CPU
		{7B96FB69-C918-4C0D-AD78-D63A3C670C9F}.Debug|Any CPU.Build.0 = Debug|Any CPU
		{7B96FB69-C918-4C0D-AD78-D63A3C670C9F}.Debug|Net35.ActiveCfg = Debug|Any CPU
		{7B96FB69-C918-4C0D-AD78-D63A3C670C9F}.Debug|Net35.Build.0 = Debug|Any CPU
		{7B96FB69-C918-4C0D-AD78-D63A3C670C9F}.Debug|Net40.ActiveCfg = Debug|Any CPU
		{7B96FB69-C918-4C0D-AD78-D63A3C670C9F}.Debug|Net40.Build.0 = Debug|Any CPU
		{7B96FB69-C918-4C0D-AD78-D63A3C670C9F}.Debug|WithNRefactory.ActiveCfg = Debug|Any CPU
		{7B96FB69-C918-4C0D-AD78-D63A3C670C9F}.Debug|WithNRefactory.Build.0 = Debug|Any CPU
		{7B96FB69-C918-4C0D-AD78-D63A3C670C9F}.Debug|x64.ActiveCfg = Debug|Any CPU
		{7B96FB69-C918-4C0D-AD78-D63A3C670C9F}.Debug|x64.Build.0 = Debug|Any CPU
		{7B96FB69-C918-4C0D-AD78-D63A3C670C9F}.Debug|x86.ActiveCfg = Debug|Any CPU
		{7B96FB69-C918-4C0D-AD78-D63A3C670C9F}.Debug|x86.Build.0 = Debug|Any CPU
		{7B96FB69-C918-4C0D-AD78-D63A3C670C9F}.Release|Any CPU.ActiveCfg = Release|Any CPU
		{7B96FB69-C918-4C0D-AD78-D63A3C670C9F}.Release|Any CPU.Build.0 = Release|Any CPU
		{7B96FB69-C918-4C0D-AD78-D63A3C670C9F}.Release|Net35.ActiveCfg = Release|Any CPU
		{7B96FB69-C918-4C0D-AD78-D63A3C670C9F}.Release|Net35.Build.0 = Release|Any CPU
		{7B96FB69-C918-4C0D-AD78-D63A3C670C9F}.Release|Net40.ActiveCfg = Release|Any CPU
		{7B96FB69-C918-4C0D-AD78-D63A3C670C9F}.Release|Net40.Build.0 = Release|Any CPU
		{7B96FB69-C918-4C0D-AD78-D63A3C670C9F}.Release|WithNRefactory.ActiveCfg = Release|Any CPU
		{7B96FB69-C918-4C0D-AD78-D63A3C670C9F}.Release|WithNRefactory.Build.0 = Release|Any CPU
		{7B96FB69-C918-4C0D-AD78-D63A3C670C9F}.Release|x64.ActiveCfg = Release|Any CPU
		{7B96FB69-C918-4C0D-AD78-D63A3C670C9F}.Release|x64.Build.0 = Release|Any CPU
		{7B96FB69-C918-4C0D-AD78-D63A3C670C9F}.Release|x86.ActiveCfg = Release|Any CPU
		{7B96FB69-C918-4C0D-AD78-D63A3C670C9F}.Release|x86.Build.0 = Release|Any CPU
		{0A5AB280-5E37-4C44-A05B-9C6D07D0F7BF}.Debug|Any CPU.ActiveCfg = Debug|Any CPU
		{0A5AB280-5E37-4C44-A05B-9C6D07D0F7BF}.Debug|Any CPU.Build.0 = Debug|Any CPU
		{0A5AB280-5E37-4C44-A05B-9C6D07D0F7BF}.Debug|Net35.ActiveCfg = Debug|Any CPU
		{0A5AB280-5E37-4C44-A05B-9C6D07D0F7BF}.Debug|Net35.Build.0 = Debug|Any CPU
		{0A5AB280-5E37-4C44-A05B-9C6D07D0F7BF}.Debug|Net40.ActiveCfg = Debug|Any CPU
		{0A5AB280-5E37-4C44-A05B-9C6D07D0F7BF}.Debug|Net40.Build.0 = Debug|Any CPU
		{0A5AB280-5E37-4C44-A05B-9C6D07D0F7BF}.Debug|WithNRefactory.ActiveCfg = Debug|Any CPU
		{0A5AB280-5E37-4C44-A05B-9C6D07D0F7BF}.Debug|WithNRefactory.Build.0 = Debug|Any CPU
		{0A5AB280-5E37-4C44-A05B-9C6D07D0F7BF}.Debug|x64.ActiveCfg = Debug|Any CPU
		{0A5AB280-5E37-4C44-A05B-9C6D07D0F7BF}.Debug|x64.Build.0 = Debug|Any CPU
		{0A5AB280-5E37-4C44-A05B-9C6D07D0F7BF}.Debug|x86.ActiveCfg = Debug|Any CPU
		{0A5AB280-5E37-4C44-A05B-9C6D07D0F7BF}.Debug|x86.Build.0 = Debug|Any CPU
		{0A5AB280-5E37-4C44-A05B-9C6D07D0F7BF}.Release|Any CPU.ActiveCfg = Release|Any CPU
		{0A5AB280-5E37-4C44-A05B-9C6D07D0F7BF}.Release|Any CPU.Build.0 = Release|Any CPU
		{0A5AB280-5E37-4C44-A05B-9C6D07D0F7BF}.Release|Net35.ActiveCfg = Release|Any CPU
		{0A5AB280-5E37-4C44-A05B-9C6D07D0F7BF}.Release|Net35.Build.0 = Release|Any CPU
		{0A5AB280-5E37-4C44-A05B-9C6D07D0F7BF}.Release|Net40.ActiveCfg = Release|Any CPU
		{0A5AB280-5E37-4C44-A05B-9C6D07D0F7BF}.Release|Net40.Build.0 = Release|Any CPU
		{0A5AB280-5E37-4C44-A05B-9C6D07D0F7BF}.Release|WithNRefactory.ActiveCfg = Release|Any CPU
		{0A5AB280-5E37-4C44-A05B-9C6D07D0F7BF}.Release|WithNRefactory.Build.0 = Release|Any CPU
		{0A5AB280-5E37-4C44-A05B-9C6D07D0F7BF}.Release|x64.ActiveCfg = Release|Any CPU
		{0A5AB280-5E37-4C44-A05B-9C6D07D0F7BF}.Release|x64.Build.0 = Release|Any CPU
		{0A5AB280-5E37-4C44-A05B-9C6D07D0F7BF}.Release|x86.ActiveCfg = Release|Any CPU
		{0A5AB280-5E37-4C44-A05B-9C6D07D0F7BF}.Release|x86.Build.0 = Release|Any CPU
		{8D07EC0B-17AC-4119-AD00-E22749991F59}.Debug|Any CPU.ActiveCfg = Debug|Any CPU
		{8D07EC0B-17AC-4119-AD00-E22749991F59}.Debug|Any CPU.Build.0 = Debug|Any CPU
		{8D07EC0B-17AC-4119-AD00-E22749991F59}.Debug|Net35.ActiveCfg = Debug|Any CPU
		{8D07EC0B-17AC-4119-AD00-E22749991F59}.Debug|Net35.Build.0 = Debug|Any CPU
		{8D07EC0B-17AC-4119-AD00-E22749991F59}.Debug|Net40.ActiveCfg = Debug|Any CPU
		{8D07EC0B-17AC-4119-AD00-E22749991F59}.Debug|Net40.Build.0 = Debug|Any CPU
		{8D07EC0B-17AC-4119-AD00-E22749991F59}.Debug|WithNRefactory.ActiveCfg = Debug|Any CPU
		{8D07EC0B-17AC-4119-AD00-E22749991F59}.Debug|WithNRefactory.Build.0 = Debug|Any CPU
		{8D07EC0B-17AC-4119-AD00-E22749991F59}.Debug|x64.ActiveCfg = Debug|Any CPU
		{8D07EC0B-17AC-4119-AD00-E22749991F59}.Debug|x64.Build.0 = Debug|Any CPU
		{8D07EC0B-17AC-4119-AD00-E22749991F59}.Debug|x86.ActiveCfg = Debug|Any CPU
		{8D07EC0B-17AC-4119-AD00-E22749991F59}.Debug|x86.Build.0 = Debug|Any CPU
		{8D07EC0B-17AC-4119-AD00-E22749991F59}.Release|Any CPU.ActiveCfg = Release|Any CPU
		{8D07EC0B-17AC-4119-AD00-E22749991F59}.Release|Any CPU.Build.0 = Release|Any CPU
		{8D07EC0B-17AC-4119-AD00-E22749991F59}.Release|Net35.ActiveCfg = Release|Any CPU
		{8D07EC0B-17AC-4119-AD00-E22749991F59}.Release|Net35.Build.0 = Release|Any CPU
		{8D07EC0B-17AC-4119-AD00-E22749991F59}.Release|Net40.ActiveCfg = Release|Any CPU
		{8D07EC0B-17AC-4119-AD00-E22749991F59}.Release|Net40.Build.0 = Release|Any CPU
		{8D07EC0B-17AC-4119-AD00-E22749991F59}.Release|WithNRefactory.ActiveCfg = Release|Any CPU
		{8D07EC0B-17AC-4119-AD00-E22749991F59}.Release|WithNRefactory.Build.0 = Release|Any CPU
		{8D07EC0B-17AC-4119-AD00-E22749991F59}.Release|x64.ActiveCfg = Release|Any CPU
		{8D07EC0B-17AC-4119-AD00-E22749991F59}.Release|x64.Build.0 = Release|Any CPU
		{8D07EC0B-17AC-4119-AD00-E22749991F59}.Release|x86.ActiveCfg = Release|Any CPU
		{8D07EC0B-17AC-4119-AD00-E22749991F59}.Release|x86.Build.0 = Release|Any CPU
		{E3C91707-6CF5-445D-8BA0-55D0BEDDF5CD}.Debug|Any CPU.ActiveCfg = Debug|Any CPU
		{E3C91707-6CF5-445D-8BA0-55D0BEDDF5CD}.Debug|Any CPU.Build.0 = Debug|Any CPU
		{E3C91707-6CF5-445D-8BA0-55D0BEDDF5CD}.Debug|Net35.ActiveCfg = Debug|Any CPU
		{E3C91707-6CF5-445D-8BA0-55D0BEDDF5CD}.Debug|Net35.Build.0 = Debug|Any CPU
		{E3C91707-6CF5-445D-8BA0-55D0BEDDF5CD}.Debug|Net40.ActiveCfg = Debug|Any CPU
		{E3C91707-6CF5-445D-8BA0-55D0BEDDF5CD}.Debug|Net40.Build.0 = Debug|Any CPU
		{E3C91707-6CF5-445D-8BA0-55D0BEDDF5CD}.Debug|WithNRefactory.ActiveCfg = Debug|Any CPU
		{E3C91707-6CF5-445D-8BA0-55D0BEDDF5CD}.Debug|WithNRefactory.Build.0 = Debug|Any CPU
		{E3C91707-6CF5-445D-8BA0-55D0BEDDF5CD}.Debug|x64.ActiveCfg = Debug|Any CPU
		{E3C91707-6CF5-445D-8BA0-55D0BEDDF5CD}.Debug|x64.Build.0 = Debug|Any CPU
		{E3C91707-6CF5-445D-8BA0-55D0BEDDF5CD}.Debug|x86.ActiveCfg = Debug|Any CPU
		{E3C91707-6CF5-445D-8BA0-55D0BEDDF5CD}.Debug|x86.Build.0 = Debug|Any CPU
		{E3C91707-6CF5-445D-8BA0-55D0BEDDF5CD}.Release|Any CPU.ActiveCfg = Release|Any CPU
		{E3C91707-6CF5-445D-8BA0-55D0BEDDF5CD}.Release|Any CPU.Build.0 = Release|Any CPU
		{E3C91707-6CF5-445D-8BA0-55D0BEDDF5CD}.Release|Net35.ActiveCfg = Release|Any CPU
		{E3C91707-6CF5-445D-8BA0-55D0BEDDF5CD}.Release|Net35.Build.0 = Release|Any CPU
		{E3C91707-6CF5-445D-8BA0-55D0BEDDF5CD}.Release|Net40.ActiveCfg = Release|Any CPU
		{E3C91707-6CF5-445D-8BA0-55D0BEDDF5CD}.Release|Net40.Build.0 = Release|Any CPU
		{E3C91707-6CF5-445D-8BA0-55D0BEDDF5CD}.Release|WithNRefactory.ActiveCfg = Release|Any CPU
		{E3C91707-6CF5-445D-8BA0-55D0BEDDF5CD}.Release|WithNRefactory.Build.0 = Release|Any CPU
		{E3C91707-6CF5-445D-8BA0-55D0BEDDF5CD}.Release|x64.ActiveCfg = Release|Any CPU
		{E3C91707-6CF5-445D-8BA0-55D0BEDDF5CD}.Release|x64.Build.0 = Release|Any CPU
		{E3C91707-6CF5-445D-8BA0-55D0BEDDF5CD}.Release|x86.ActiveCfg = Release|Any CPU
		{E3C91707-6CF5-445D-8BA0-55D0BEDDF5CD}.Release|x86.Build.0 = Release|Any CPU
		{123A344F-B1EF-4E08-A27B-15E852CF62D4}.Debug|Any CPU.ActiveCfg = Debug|Any CPU
		{123A344F-B1EF-4E08-A27B-15E852CF62D4}.Debug|Any CPU.Build.0 = Debug|Any CPU
		{123A344F-B1EF-4E08-A27B-15E852CF62D4}.Debug|Net35.ActiveCfg = Debug|Any CPU
		{123A344F-B1EF-4E08-A27B-15E852CF62D4}.Debug|Net35.Build.0 = Debug|Any CPU
		{123A344F-B1EF-4E08-A27B-15E852CF62D4}.Debug|Net40.ActiveCfg = Debug|Any CPU
		{123A344F-B1EF-4E08-A27B-15E852CF62D4}.Debug|Net40.Build.0 = Debug|Any CPU
		{123A344F-B1EF-4E08-A27B-15E852CF62D4}.Debug|WithNRefactory.ActiveCfg = Debug|Any CPU
		{123A344F-B1EF-4E08-A27B-15E852CF62D4}.Debug|WithNRefactory.Build.0 = Debug|Any CPU
		{123A344F-B1EF-4E08-A27B-15E852CF62D4}.Debug|x64.ActiveCfg = Debug|Any CPU
		{123A344F-B1EF-4E08-A27B-15E852CF62D4}.Debug|x64.Build.0 = Debug|Any CPU
		{123A344F-B1EF-4E08-A27B-15E852CF62D4}.Debug|x86.ActiveCfg = Debug|Any CPU
		{123A344F-B1EF-4E08-A27B-15E852CF62D4}.Debug|x86.Build.0 = Debug|Any CPU
		{123A344F-B1EF-4E08-A27B-15E852CF62D4}.Release|Any CPU.ActiveCfg = Release|Any CPU
		{123A344F-B1EF-4E08-A27B-15E852CF62D4}.Release|Any CPU.Build.0 = Release|Any CPU
		{123A344F-B1EF-4E08-A27B-15E852CF62D4}.Release|Net35.ActiveCfg = Release|Any CPU
		{123A344F-B1EF-4E08-A27B-15E852CF62D4}.Release|Net35.Build.0 = Release|Any CPU
		{123A344F-B1EF-4E08-A27B-15E852CF62D4}.Release|Net40.ActiveCfg = Release|Any CPU
		{123A344F-B1EF-4E08-A27B-15E852CF62D4}.Release|Net40.Build.0 = Release|Any CPU
		{123A344F-B1EF-4E08-A27B-15E852CF62D4}.Release|WithNRefactory.ActiveCfg = Release|Any CPU
		{123A344F-B1EF-4E08-A27B-15E852CF62D4}.Release|WithNRefactory.Build.0 = Release|Any CPU
		{123A344F-B1EF-4E08-A27B-15E852CF62D4}.Release|x64.ActiveCfg = Release|Any CPU
		{123A344F-B1EF-4E08-A27B-15E852CF62D4}.Release|x64.Build.0 = Release|Any CPU
		{123A344F-B1EF-4E08-A27B-15E852CF62D4}.Release|x86.ActiveCfg = Release|Any CPU
		{123A344F-B1EF-4E08-A27B-15E852CF62D4}.Release|x86.Build.0 = Release|Any CPU
		{D74412FA-AFED-46F8-98A8-2F1EA71D7FF3}.Debug|Any CPU.ActiveCfg = Debug|Any CPU
		{D74412FA-AFED-46F8-98A8-2F1EA71D7FF3}.Debug|Any CPU.Build.0 = Debug|Any CPU
		{D74412FA-AFED-46F8-98A8-2F1EA71D7FF3}.Debug|Net35.ActiveCfg = Debug|Any CPU
		{D74412FA-AFED-46F8-98A8-2F1EA71D7FF3}.Debug|Net35.Build.0 = Debug|Any CPU
		{D74412FA-AFED-46F8-98A8-2F1EA71D7FF3}.Debug|Net40.ActiveCfg = Debug|Any CPU
		{D74412FA-AFED-46F8-98A8-2F1EA71D7FF3}.Debug|Net40.Build.0 = Debug|Any CPU
		{D74412FA-AFED-46F8-98A8-2F1EA71D7FF3}.Debug|WithNRefactory.ActiveCfg = Debug|Any CPU
		{D74412FA-AFED-46F8-98A8-2F1EA71D7FF3}.Debug|WithNRefactory.Build.0 = Debug|Any CPU
		{D74412FA-AFED-46F8-98A8-2F1EA71D7FF3}.Debug|x64.ActiveCfg = Debug|Any CPU
		{D74412FA-AFED-46F8-98A8-2F1EA71D7FF3}.Debug|x64.Build.0 = Debug|Any CPU
		{D74412FA-AFED-46F8-98A8-2F1EA71D7FF3}.Debug|x86.ActiveCfg = Debug|Any CPU
		{D74412FA-AFED-46F8-98A8-2F1EA71D7FF3}.Debug|x86.Build.0 = Debug|Any CPU
		{D74412FA-AFED-46F8-98A8-2F1EA71D7FF3}.Release|Any CPU.ActiveCfg = Release|Any CPU
		{D74412FA-AFED-46F8-98A8-2F1EA71D7FF3}.Release|Any CPU.Build.0 = Release|Any CPU
		{D74412FA-AFED-46F8-98A8-2F1EA71D7FF3}.Release|Net35.ActiveCfg = Release|Any CPU
		{D74412FA-AFED-46F8-98A8-2F1EA71D7FF3}.Release|Net35.Build.0 = Release|Any CPU
		{D74412FA-AFED-46F8-98A8-2F1EA71D7FF3}.Release|Net40.ActiveCfg = Release|Any CPU
		{D74412FA-AFED-46F8-98A8-2F1EA71D7FF3}.Release|Net40.Build.0 = Release|Any CPU
		{D74412FA-AFED-46F8-98A8-2F1EA71D7FF3}.Release|WithNRefactory.ActiveCfg = Release|Any CPU
		{D74412FA-AFED-46F8-98A8-2F1EA71D7FF3}.Release|WithNRefactory.Build.0 = Release|Any CPU
		{D74412FA-AFED-46F8-98A8-2F1EA71D7FF3}.Release|x64.ActiveCfg = Release|Any CPU
		{D74412FA-AFED-46F8-98A8-2F1EA71D7FF3}.Release|x64.Build.0 = Release|Any CPU
		{D74412FA-AFED-46F8-98A8-2F1EA71D7FF3}.Release|x86.ActiveCfg = Release|Any CPU
		{D74412FA-AFED-46F8-98A8-2F1EA71D7FF3}.Release|x86.Build.0 = Release|Any CPU
		{0B211FD1-AF0D-49E6-9012-004370D6353C}.Debug|Any CPU.ActiveCfg = Debug|Any CPU
		{0B211FD1-AF0D-49E6-9012-004370D6353C}.Debug|Any CPU.Build.0 = Debug|Any CPU
		{0B211FD1-AF0D-49E6-9012-004370D6353C}.Debug|Net35.ActiveCfg = Debug|Any CPU
		{0B211FD1-AF0D-49E6-9012-004370D6353C}.Debug|Net35.Build.0 = Debug|Any CPU
		{0B211FD1-AF0D-49E6-9012-004370D6353C}.Debug|Net40.ActiveCfg = Debug|Any CPU
		{0B211FD1-AF0D-49E6-9012-004370D6353C}.Debug|Net40.Build.0 = Debug|Any CPU
		{0B211FD1-AF0D-49E6-9012-004370D6353C}.Debug|WithNRefactory.ActiveCfg = Debug|Any CPU
		{0B211FD1-AF0D-49E6-9012-004370D6353C}.Debug|WithNRefactory.Build.0 = Debug|Any CPU
		{0B211FD1-AF0D-49E6-9012-004370D6353C}.Debug|x64.ActiveCfg = Debug|x64
		{0B211FD1-AF0D-49E6-9012-004370D6353C}.Debug|x64.Build.0 = Debug|x64
		{0B211FD1-AF0D-49E6-9012-004370D6353C}.Debug|x86.ActiveCfg = Debug|Any CPU
		{0B211FD1-AF0D-49E6-9012-004370D6353C}.Debug|x86.Build.0 = Debug|Any CPU
		{0B211FD1-AF0D-49E6-9012-004370D6353C}.Release|Any CPU.ActiveCfg = Release|Any CPU
		{0B211FD1-AF0D-49E6-9012-004370D6353C}.Release|Any CPU.Build.0 = Release|Any CPU
		{0B211FD1-AF0D-49E6-9012-004370D6353C}.Release|Net35.ActiveCfg = Release|Any CPU
		{0B211FD1-AF0D-49E6-9012-004370D6353C}.Release|Net35.Build.0 = Release|Any CPU
		{0B211FD1-AF0D-49E6-9012-004370D6353C}.Release|Net40.ActiveCfg = Release|Any CPU
		{0B211FD1-AF0D-49E6-9012-004370D6353C}.Release|Net40.Build.0 = Release|Any CPU
		{0B211FD1-AF0D-49E6-9012-004370D6353C}.Release|WithNRefactory.ActiveCfg = Release|Any CPU
		{0B211FD1-AF0D-49E6-9012-004370D6353C}.Release|WithNRefactory.Build.0 = Release|Any CPU
		{0B211FD1-AF0D-49E6-9012-004370D6353C}.Release|x64.ActiveCfg = Release|Any CPU
		{0B211FD1-AF0D-49E6-9012-004370D6353C}.Release|x64.Build.0 = Release|Any CPU
		{0B211FD1-AF0D-49E6-9012-004370D6353C}.Release|x86.ActiveCfg = Release|Any CPU
		{0B211FD1-AF0D-49E6-9012-004370D6353C}.Release|x86.Build.0 = Release|Any CPU
		{CA54C164-B6BA-47D4-B3E5-DD8CF7DD7290}.Debug|Any CPU.ActiveCfg = Debug|Any CPU
		{CA54C164-B6BA-47D4-B3E5-DD8CF7DD7290}.Debug|Any CPU.Build.0 = Debug|Any CPU
		{CA54C164-B6BA-47D4-B3E5-DD8CF7DD7290}.Debug|Net35.ActiveCfg = Debug|Any CPU
		{CA54C164-B6BA-47D4-B3E5-DD8CF7DD7290}.Debug|Net35.Build.0 = Debug|Any CPU
		{CA54C164-B6BA-47D4-B3E5-DD8CF7DD7290}.Debug|Net40.ActiveCfg = Debug|Any CPU
		{CA54C164-B6BA-47D4-B3E5-DD8CF7DD7290}.Debug|Net40.Build.0 = Debug|Any CPU
		{CA54C164-B6BA-47D4-B3E5-DD8CF7DD7290}.Debug|WithNRefactory.ActiveCfg = Debug|Any CPU
		{CA54C164-B6BA-47D4-B3E5-DD8CF7DD7290}.Debug|WithNRefactory.Build.0 = Debug|Any CPU
		{CA54C164-B6BA-47D4-B3E5-DD8CF7DD7290}.Debug|x64.ActiveCfg = Debug|Any CPU
		{CA54C164-B6BA-47D4-B3E5-DD8CF7DD7290}.Debug|x64.Build.0 = Debug|Any CPU
		{CA54C164-B6BA-47D4-B3E5-DD8CF7DD7290}.Debug|x86.ActiveCfg = Debug|Any CPU
		{CA54C164-B6BA-47D4-B3E5-DD8CF7DD7290}.Debug|x86.Build.0 = Debug|Any CPU
		{CA54C164-B6BA-47D4-B3E5-DD8CF7DD7290}.Release|Any CPU.ActiveCfg = Release|Any CPU
		{CA54C164-B6BA-47D4-B3E5-DD8CF7DD7290}.Release|Any CPU.Build.0 = Release|Any CPU
		{CA54C164-B6BA-47D4-B3E5-DD8CF7DD7290}.Release|Net35.ActiveCfg = Release|Any CPU
		{CA54C164-B6BA-47D4-B3E5-DD8CF7DD7290}.Release|Net35.Build.0 = Release|Any CPU
		{CA54C164-B6BA-47D4-B3E5-DD8CF7DD7290}.Release|Net40.ActiveCfg = Release|Any CPU
		{CA54C164-B6BA-47D4-B3E5-DD8CF7DD7290}.Release|Net40.Build.0 = Release|Any CPU
		{CA54C164-B6BA-47D4-B3E5-DD8CF7DD7290}.Release|WithNRefactory.ActiveCfg = Release|Any CPU
		{CA54C164-B6BA-47D4-B3E5-DD8CF7DD7290}.Release|WithNRefactory.Build.0 = Release|Any CPU
		{CA54C164-B6BA-47D4-B3E5-DD8CF7DD7290}.Release|x64.ActiveCfg = Release|Any CPU
		{CA54C164-B6BA-47D4-B3E5-DD8CF7DD7290}.Release|x64.Build.0 = Release|Any CPU
		{CA54C164-B6BA-47D4-B3E5-DD8CF7DD7290}.Release|x86.ActiveCfg = Release|Any CPU
		{CA54C164-B6BA-47D4-B3E5-DD8CF7DD7290}.Release|x86.Build.0 = Release|Any CPU
		{11D73DCB-5C18-4300-9154-F3D6B044EBB0}.Debug|Any CPU.ActiveCfg = Debug|Any CPU
		{11D73DCB-5C18-4300-9154-F3D6B044EBB0}.Debug|Any CPU.Build.0 = Debug|Any CPU
		{11D73DCB-5C18-4300-9154-F3D6B044EBB0}.Debug|Net35.ActiveCfg = Debug|Any CPU
		{11D73DCB-5C18-4300-9154-F3D6B044EBB0}.Debug|Net35.Build.0 = Debug|Any CPU
		{11D73DCB-5C18-4300-9154-F3D6B044EBB0}.Debug|Net40.ActiveCfg = Debug|Any CPU
		{11D73DCB-5C18-4300-9154-F3D6B044EBB0}.Debug|Net40.Build.0 = Debug|Any CPU
		{11D73DCB-5C18-4300-9154-F3D6B044EBB0}.Debug|WithNRefactory.ActiveCfg = Debug|Any CPU
		{11D73DCB-5C18-4300-9154-F3D6B044EBB0}.Debug|WithNRefactory.Build.0 = Debug|Any CPU
		{11D73DCB-5C18-4300-9154-F3D6B044EBB0}.Debug|x64.ActiveCfg = Debug|x64
		{11D73DCB-5C18-4300-9154-F3D6B044EBB0}.Debug|x64.Build.0 = Debug|x64
		{11D73DCB-5C18-4300-9154-F3D6B044EBB0}.Debug|x86.ActiveCfg = Debug|Any CPU
		{11D73DCB-5C18-4300-9154-F3D6B044EBB0}.Debug|x86.Build.0 = Debug|Any CPU
		{11D73DCB-5C18-4300-9154-F3D6B044EBB0}.Release|Any CPU.ActiveCfg = Release|Any CPU
		{11D73DCB-5C18-4300-9154-F3D6B044EBB0}.Release|Any CPU.Build.0 = Release|Any CPU
		{11D73DCB-5C18-4300-9154-F3D6B044EBB0}.Release|Net35.ActiveCfg = Release|Any CPU
		{11D73DCB-5C18-4300-9154-F3D6B044EBB0}.Release|Net35.Build.0 = Release|Any CPU
		{11D73DCB-5C18-4300-9154-F3D6B044EBB0}.Release|Net40.ActiveCfg = Release|Any CPU
		{11D73DCB-5C18-4300-9154-F3D6B044EBB0}.Release|Net40.Build.0 = Release|Any CPU
		{11D73DCB-5C18-4300-9154-F3D6B044EBB0}.Release|WithNRefactory.ActiveCfg = Release|Any CPU
		{11D73DCB-5C18-4300-9154-F3D6B044EBB0}.Release|WithNRefactory.Build.0 = Release|Any CPU
		{11D73DCB-5C18-4300-9154-F3D6B044EBB0}.Release|x64.ActiveCfg = Release|Any CPU
		{11D73DCB-5C18-4300-9154-F3D6B044EBB0}.Release|x64.Build.0 = Release|Any CPU
		{11D73DCB-5C18-4300-9154-F3D6B044EBB0}.Release|x86.ActiveCfg = Release|Any CPU
		{11D73DCB-5C18-4300-9154-F3D6B044EBB0}.Release|x86.Build.0 = Release|Any CPU
	EndGlobalSection
	GlobalSection(SolutionProperties) = preSolution
		HideSolutionNode = FALSE
	EndGlobalSection
	GlobalSection(ExtensibilityGlobals) = postSolution
		SolutionGuid = {670AD371-23DA-44F0-9655-04B7063DBD34}
	EndGlobalSection
EndGlobal
