
Microsoft Visual Studio Solution File, Format Version 12.00
# Visual Studio Version 16
VisualStudioVersion = 16.0.30114.105
MinimumVisualStudioVersion = 10.0.40219.1
Project("{9A19103F-16F7-4668-BE54-9A1E7A4F7556}") = "Simula", "Simula.csproj", "{2B35B7C5-A9FE-4824-8708-A7DAD49A5DB9}"
EndProject
Project("{9A19103F-16F7-4668-BE54-9A1E7A4F7556}") = "Simula.Editor", "..\Simula.Editor\Simula.Editor.csproj", "{317CF5F0-D60D-4367-9989-36F3204C2D38}"
EndProject
Project("{9A19103F-16F7-4668-BE54-9A1E7A4F7556}") = "Simula.Scripting", "..\Simula.Scripting\Simula.Scripting.csproj", "{A9090553-6B14-401B-8D2A-94163F17AA9C}"
EndProject
Project("{9A19103F-16F7-4668-BE54-9A1E7A4F7556}") = "Simula.TeX", "..\Simula.TeX\Simula.TeX.csproj", "{25EF611D-BEFB-40A0-A282-12965F74A70E}"
EndProject
Project("{9A19103F-16F7-4668-BE54-9A1E7A4F7556}") = "Simula.Scripting.Packaging", "..\Simula.Scripting.Packaging\Simula.Scripting.Packaging.csproj", "{B6819704-567E-4033-9A3A-8AE250314BD4}"
EndProject
Project("{9A19103F-16F7-4668-BE54-9A1E7A4F7556}") = "Simula.Scripting.Compression", "..\Simula.Scripting.Compression\Simula.Scripting.Compression.csproj", "{F21A78B5-FB5E-442C-AA5D-26087C1B6C97}"
EndProject
Project("{9A19103F-16F7-4668-BE54-9A1E7A4F7556}") = "Simula.Scripting.Json", "..\Simula.Scripting.Json\Simula.Scripting.Json.csproj", "{6EC17D06-7F17-4556-81B0-B27F47603AE0}"
EndProject
Project("{9A19103F-16F7-4668-BE54-9A1E7A4F7556}") = "Simula.Scripting.Utils", "..\Simula.Scripting.Utils\Simula.Scripting.Utils.csproj", "{2F6FACA1-DFD5-4994-B855-97743F72B190}"
EndProject
Project("{9A19103F-16F7-4668-BE54-9A1E7A4F7556}") = "Simula.Scripting.Math", "..\Simula.Scripting.Math\Simula.Scripting.Math.csproj", "{63DD049E-4C62-4231-AEED-C695F1ADE433}"
EndProject
Project("{2150E333-8FDC-42A3-9474-1A3956D46DE8}") = "Windows Installer", "Windows Installer", "{97426D51-D2AA-4F10-96DF-425FB53A36CF}"
EndProject
Project("{54435603-DBB4-11D2-8724-00A0C9A8B90C}") = "simula.windows.x64", "..\Windows Installer\windows.x64\simula.windows.x64\simula.windows.x64.vdproj", "{45854D36-0B33-453F-9BB0-60051F06B1FB}"
EndProject
Project("{9A19103F-16F7-4668-BE54-9A1E7A4F7556}") = "Simula.Controls", "..\Simula.Controls\Simula.Controls.csproj", "{F1A197F6-92A3-4ACE-B093-68BA5D970F52}"
EndProject
Project("{FAE04EC0-301F-11D3-BF4B-00C04F79EFBC}") = "Simula.Resources", "..\Simula.Resources\Simula.Resources.csproj", "{3B6B0FAC-19AC-4208-8361-CDF2E766DEC2}"
EndProject
Global
	GlobalSection(SolutionConfigurationPlatforms) = preSolution
		Debug|Any CPU = Debug|Any CPU
		Debug|Net35 = Debug|Net35
		Debug|Net40 = Debug|Net40
		Debug|WithNRefactory = Debug|WithNRefactory
		Debug|x64 = Debug|x64
		Debug|x86 = Debug|x86
		Release|Any CPU = Release|Any CPU
		Release|Net35 = Release|Net35
		Release|Net40 = Release|Net40
		Release|WithNRefactory = Release|WithNRefactory
		Release|x64 = Release|x64
		Release|x86 = Release|x86
	EndGlobalSection
	GlobalSection(ProjectConfigurationPlatforms) = postSolution
		{2B35B7C5-A9FE-4824-8708-A7DAD49A5DB9}.Debug|Any CPU.ActiveCfg = Debug|Any CPU
		{2B35B7C5-A9FE-4824-8708-A7DAD49A5DB9}.Debug|Any CPU.Build.0 = Debug|Any CPU
		{2B35B7C5-A9FE-4824-8708-A7DAD49A5DB9}.Debug|Net35.ActiveCfg = Debug|Any CPU
		{2B35B7C5-A9FE-4824-8708-A7DAD49A5DB9}.Debug|Net35.Build.0 = Debug|Any CPU
		{2B35B7C5-A9FE-4824-8708-A7DAD49A5DB9}.Debug|Net40.ActiveCfg = Debug|Any CPU
		{2B35B7C5-A9FE-4824-8708-A7DAD49A5DB9}.Debug|Net40.Build.0 = Debug|Any CPU
		{2B35B7C5-A9FE-4824-8708-A7DAD49A5DB9}.Debug|WithNRefactory.ActiveCfg = Debug|Any CPU
		{2B35B7C5-A9FE-4824-8708-A7DAD49A5DB9}.Debug|WithNRefactory.Build.0 = Debug|Any CPU
		{2B35B7C5-A9FE-4824-8708-A7DAD49A5DB9}.Debug|x64.ActiveCfg = Debug|Any CPU
		{2B35B7C5-A9FE-4824-8708-A7DAD49A5DB9}.Debug|x64.Build.0 = Debug|Any CPU
		{2B35B7C5-A9FE-4824-8708-A7DAD49A5DB9}.Debug|x86.ActiveCfg = Debug|Any CPU
		{2B35B7C5-A9FE-4824-8708-A7DAD49A5DB9}.Debug|x86.Build.0 = Debug|Any CPU
		{2B35B7C5-A9FE-4824-8708-A7DAD49A5DB9}.Release|Any CPU.ActiveCfg = Release|Any CPU
		{2B35B7C5-A9FE-4824-8708-A7DAD49A5DB9}.Release|Any CPU.Build.0 = Release|Any CPU
		{2B35B7C5-A9FE-4824-8708-A7DAD49A5DB9}.Release|Net35.ActiveCfg = Release|Any CPU
		{2B35B7C5-A9FE-4824-8708-A7DAD49A5DB9}.Release|Net35.Build.0 = Release|Any CPU
		{2B35B7C5-A9FE-4824-8708-A7DAD49A5DB9}.Release|Net40.ActiveCfg = Release|Any CPU
		{2B35B7C5-A9FE-4824-8708-A7DAD49A5DB9}.Release|Net40.Build.0 = Release|Any CPU
		{2B35B7C5-A9FE-4824-8708-A7DAD49A5DB9}.Release|WithNRefactory.ActiveCfg = Release|Any CPU
		{2B35B7C5-A9FE-4824-8708-A7DAD49A5DB9}.Release|WithNRefactory.Build.0 = Release|Any CPU
		{2B35B7C5-A9FE-4824-8708-A7DAD49A5DB9}.Release|x64.ActiveCfg = Release|Any CPU
		{2B35B7C5-A9FE-4824-8708-A7DAD49A5DB9}.Release|x64.Build.0 = Release|Any CPU
		{2B35B7C5-A9FE-4824-8708-A7DAD49A5DB9}.Release|x86.ActiveCfg = Release|Any CPU
		{2B35B7C5-A9FE-4824-8708-A7DAD49A5DB9}.Release|x86.Build.0 = Release|Any CPU
		{317CF5F0-D60D-4367-9989-36F3204C2D38}.Debug|Any CPU.ActiveCfg = Debug|Any CPU
		{317CF5F0-D60D-4367-9989-36F3204C2D38}.Debug|Any CPU.Build.0 = Debug|Any CPU
		{317CF5F0-D60D-4367-9989-36F3204C2D38}.Debug|Net35.ActiveCfg = Debug|Any CPU
		{317CF5F0-D60D-4367-9989-36F3204C2D38}.Debug|Net35.Build.0 = Debug|Any CPU
		{317CF5F0-D60D-4367-9989-36F3204C2D38}.Debug|Net40.ActiveCfg = Debug|Any CPU
		{317CF5F0-D60D-4367-9989-36F3204C2D38}.Debug|Net40.Build.0 = Debug|Any CPU
		{317CF5F0-D60D-4367-9989-36F3204C2D38}.Debug|WithNRefactory.ActiveCfg = Debug|Any CPU
		{317CF5F0-D60D-4367-9989-36F3204C2D38}.Debug|WithNRefactory.Build.0 = Debug|Any CPU
		{317CF5F0-D60D-4367-9989-36F3204C2D38}.Debug|x64.ActiveCfg = Debug|Any CPU
		{317CF5F0-D60D-4367-9989-36F3204C2D38}.Debug|x64.Build.0 = Debug|Any CPU
		{317CF5F0-D60D-4367-9989-36F3204C2D38}.Debug|x86.ActiveCfg = Debug|Any CPU
		{317CF5F0-D60D-4367-9989-36F3204C2D38}.Debug|x86.Build.0 = Debug|Any CPU
		{317CF5F0-D60D-4367-9989-36F3204C2D38}.Release|Any CPU.ActiveCfg = Release|Any CPU
		{317CF5F0-D60D-4367-9989-36F3204C2D38}.Release|Any CPU.Build.0 = Release|Any CPU
		{317CF5F0-D60D-4367-9989-36F3204C2D38}.Release|Net35.ActiveCfg = Release|Any CPU
		{317CF5F0-D60D-4367-9989-36F3204C2D38}.Release|Net35.Build.0 = Release|Any CPU
		{317CF5F0-D60D-4367-9989-36F3204C2D38}.Release|Net40.ActiveCfg = Release|Any CPU
		{317CF5F0-D60D-4367-9989-36F3204C2D38}.Release|Net40.Build.0 = Release|Any CPU
		{317CF5F0-D60D-4367-9989-36F3204C2D38}.Release|WithNRefactory.ActiveCfg = Release|Any CPU
		{317CF5F0-D60D-4367-9989-36F3204C2D38}.Release|WithNRefactory.Build.0 = Release|Any CPU
		{317CF5F0-D60D-4367-9989-36F3204C2D38}.Release|x64.ActiveCfg = Release|Any CPU
		{317CF5F0-D60D-4367-9989-36F3204C2D38}.Release|x64.Build.0 = Release|Any CPU
		{317CF5F0-D60D-4367-9989-36F3204C2D38}.Release|x86.ActiveCfg = Release|Any CPU
		{317CF5F0-D60D-4367-9989-36F3204C2D38}.Release|x86.Build.0 = Release|Any CPU
		{A9090553-6B14-401B-8D2A-94163F17AA9C}.Debug|Any CPU.ActiveCfg = Debug|Any CPU
		{A9090553-6B14-401B-8D2A-94163F17AA9C}.Debug|Any CPU.Build.0 = Debug|Any CPU
		{A9090553-6B14-401B-8D2A-94163F17AA9C}.Debug|Net35.ActiveCfg = Debug|Any CPU
		{A9090553-6B14-401B-8D2A-94163F17AA9C}.Debug|Net35.Build.0 = Debug|Any CPU
		{A9090553-6B14-401B-8D2A-94163F17AA9C}.Debug|Net40.ActiveCfg = Debug|Any CPU
		{A9090553-6B14-401B-8D2A-94163F17AA9C}.Debug|Net40.Build.0 = Debug|Any CPU
		{A9090553-6B14-401B-8D2A-94163F17AA9C}.Debug|WithNRefactory.ActiveCfg = Debug|Any CPU
		{A9090553-6B14-401B-8D2A-94163F17AA9C}.Debug|WithNRefactory.Build.0 = Debug|Any CPU
		{A9090553-6B14-401B-8D2A-94163F17AA9C}.Debug|x64.ActiveCfg = Debug|Any CPU
		{A9090553-6B14-401B-8D2A-94163F17AA9C}.Debug|x64.Build.0 = Debug|Any CPU
		{A9090553-6B14-401B-8D2A-94163F17AA9C}.Debug|x86.ActiveCfg = Debug|Any CPU
		{A9090553-6B14-401B-8D2A-94163F17AA9C}.Debug|x86.Build.0 = Debug|Any CPU
		{A9090553-6B14-401B-8D2A-94163F17AA9C}.Release|Any CPU.ActiveCfg = Release|Any CPU
		{A9090553-6B14-401B-8D2A-94163F17AA9C}.Release|Any CPU.Build.0 = Release|Any CPU
		{A9090553-6B14-401B-8D2A-94163F17AA9C}.Release|Net35.ActiveCfg = Release|Any CPU
		{A9090553-6B14-401B-8D2A-94163F17AA9C}.Release|Net35.Build.0 = Release|Any CPU
		{A9090553-6B14-401B-8D2A-94163F17AA9C}.Release|Net40.ActiveCfg = Release|Any CPU
		{A9090553-6B14-401B-8D2A-94163F17AA9C}.Release|Net40.Build.0 = Release|Any CPU
		{A9090553-6B14-401B-8D2A-94163F17AA9C}.Release|WithNRefactory.ActiveCfg = Release|Any CPU
		{A9090553-6B14-401B-8D2A-94163F17AA9C}.Release|WithNRefactory.Build.0 = Release|Any CPU
		{A9090553-6B14-401B-8D2A-94163F17AA9C}.Release|x64.ActiveCfg = Release|Any CPU
		{A9090553-6B14-401B-8D2A-94163F17AA9C}.Release|x64.Build.0 = Release|Any CPU
		{A9090553-6B14-401B-8D2A-94163F17AA9C}.Release|x86.ActiveCfg = Release|Any CPU
		{A9090553-6B14-401B-8D2A-94163F17AA9C}.Release|x86.Build.0 = Release|Any CPU
		{25EF611D-BEFB-40A0-A282-12965F74A70E}.Debug|Any CPU.ActiveCfg = Debug|Any CPU
		{25EF611D-BEFB-40A0-A282-12965F74A70E}.Debug|Any CPU.Build.0 = Debug|Any CPU
		{25EF611D-BEFB-40A0-A282-12965F74A70E}.Debug|Net35.ActiveCfg = Debug|Any CPU
		{25EF611D-BEFB-40A0-A282-12965F74A70E}.Debug|Net35.Build.0 = Debug|Any CPU
		{25EF611D-BEFB-40A0-A282-12965F74A70E}.Debug|Net40.ActiveCfg = Debug|Any CPU
		{25EF611D-BEFB-40A0-A282-12965F74A70E}.Debug|Net40.Build.0 = Debug|Any CPU
		{25EF611D-BEFB-40A0-A282-12965F74A70E}.Debug|WithNRefactory.ActiveCfg = Debug|Any CPU
		{25EF611D-BEFB-40A0-A282-12965F74A70E}.Debug|WithNRefactory.Build.0 = Debug|Any CPU
		{25EF611D-BEFB-40A0-A282-12965F74A70E}.Debug|x64.ActiveCfg = Debug|Any CPU
		{25EF611D-BEFB-40A0-A282-12965F74A70E}.Debug|x64.Build.0 = Debug|Any CPU
		{25EF611D-BEFB-40A0-A282-12965F74A70E}.Debug|x86.ActiveCfg = Debug|Any CPU
		{25EF611D-BEFB-40A0-A282-12965F74A70E}.Debug|x86.Build.0 = Debug|Any CPU
		{25EF611D-BEFB-40A0-A282-12965F74A70E}.Release|Any CPU.ActiveCfg = Release|Any CPU
		{25EF611D-BEFB-40A0-A282-12965F74A70E}.Release|Any CPU.Build.0 = Release|Any CPU
		{25EF611D-BEFB-40A0-A282-12965F74A70E}.Release|Net35.ActiveCfg = Release|Any CPU
		{25EF611D-BEFB-40A0-A282-12965F74A70E}.Release|Net35.Build.0 = Release|Any CPU
		{25EF611D-BEFB-40A0-A282-12965F74A70E}.Release|Net40.ActiveCfg = Release|Any CPU
		{25EF611D-BEFB-40A0-A282-12965F74A70E}.Release|Net40.Build.0 = Release|Any CPU
		{25EF611D-BEFB-40A0-A282-12965F74A70E}.Release|WithNRefactory.ActiveCfg = Release|Any CPU
		{25EF611D-BEFB-40A0-A282-12965F74A70E}.Release|WithNRefactory.Build.0 = Release|Any CPU
		{25EF611D-BEFB-40A0-A282-12965F74A70E}.Release|x64.ActiveCfg = Release|Any CPU
		{25EF611D-BEFB-40A0-A282-12965F74A70E}.Release|x64.Build.0 = Release|Any CPU
		{25EF611D-BEFB-40A0-A282-12965F74A70E}.Release|x86.ActiveCfg = Release|Any CPU
		{25EF611D-BEFB-40A0-A282-12965F74A70E}.Release|x86.Build.0 = Release|Any CPU
		{B6819704-567E-4033-9A3A-8AE250314BD4}.Debug|Any CPU.ActiveCfg = Debug|Any CPU
		{B6819704-567E-4033-9A3A-8AE250314BD4}.Debug|Any CPU.Build.0 = Debug|Any CPU
		{B6819704-567E-4033-9A3A-8AE250314BD4}.Debug|Net35.ActiveCfg = Debug|Any CPU
		{B6819704-567E-4033-9A3A-8AE250314BD4}.Debug|Net35.Build.0 = Debug|Any CPU
		{B6819704-567E-4033-9A3A-8AE250314BD4}.Debug|Net40.ActiveCfg = Debug|Any CPU
		{B6819704-567E-4033-9A3A-8AE250314BD4}.Debug|Net40.Build.0 = Debug|Any CPU
		{B6819704-567E-4033-9A3A-8AE250314BD4}.Debug|WithNRefactory.ActiveCfg = Debug|Any CPU
		{B6819704-567E-4033-9A3A-8AE250314BD4}.Debug|WithNRefactory.Build.0 = Debug|Any CPU
		{B6819704-567E-4033-9A3A-8AE250314BD4}.Debug|x64.ActiveCfg = Debug|Any CPU
		{B6819704-567E-4033-9A3A-8AE250314BD4}.Debug|x64.Build.0 = Debug|Any CPU
		{B6819704-567E-4033-9A3A-8AE250314BD4}.Debug|x86.ActiveCfg = Debug|Any CPU
		{B6819704-567E-4033-9A3A-8AE250314BD4}.Debug|x86.Build.0 = Debug|Any CPU
		{B6819704-567E-4033-9A3A-8AE250314BD4}.Release|Any CPU.ActiveCfg = Release|Any CPU
		{B6819704-567E-4033-9A3A-8AE250314BD4}.Release|Any CPU.Build.0 = Release|Any CPU
		{B6819704-567E-4033-9A3A-8AE250314BD4}.Release|Net35.ActiveCfg = Release|Any CPU
		{B6819704-567E-4033-9A3A-8AE250314BD4}.Release|Net35.Build.0 = Release|Any CPU
		{B6819704-567E-4033-9A3A-8AE250314BD4}.Release|Net40.ActiveCfg = Release|Any CPU
		{B6819704-567E-4033-9A3A-8AE250314BD4}.Release|Net40.Build.0 = Release|Any CPU
		{B6819704-567E-4033-9A3A-8AE250314BD4}.Release|WithNRefactory.ActiveCfg = Release|Any CPU
		{B6819704-567E-4033-9A3A-8AE250314BD4}.Release|WithNRefactory.Build.0 = Release|Any CPU
		{B6819704-567E-4033-9A3A-8AE250314BD4}.Release|x64.ActiveCfg = Release|Any CPU
		{B6819704-567E-4033-9A3A-8AE250314BD4}.Release|x64.Build.0 = Release|Any CPU
		{B6819704-567E-4033-9A3A-8AE250314BD4}.Release|x86.ActiveCfg = Release|Any CPU
		{B6819704-567E-4033-9A3A-8AE250314BD4}.Release|x86.Build.0 = Release|Any CPU
		{F21A78B5-FB5E-442C-AA5D-26087C1B6C97}.Debug|Any CPU.ActiveCfg = Debug|Any CPU
		{F21A78B5-FB5E-442C-AA5D-26087C1B6C97}.Debug|Any CPU.Build.0 = Debug|Any CPU
		{F21A78B5-FB5E-442C-AA5D-26087C1B6C97}.Debug|Net35.ActiveCfg = Debug|Any CPU
		{F21A78B5-FB5E-442C-AA5D-26087C1B6C97}.Debug|Net35.Build.0 = Debug|Any CPU
		{F21A78B5-FB5E-442C-AA5D-26087C1B6C97}.Debug|Net40.ActiveCfg = Debug|Any CPU
		{F21A78B5-FB5E-442C-AA5D-26087C1B6C97}.Debug|Net40.Build.0 = Debug|Any CPU
		{F21A78B5-FB5E-442C-AA5D-26087C1B6C97}.Debug|WithNRefactory.ActiveCfg = Debug|Any CPU
		{F21A78B5-FB5E-442C-AA5D-26087C1B6C97}.Debug|WithNRefactory.Build.0 = Debug|Any CPU
		{F21A78B5-FB5E-442C-AA5D-26087C1B6C97}.Debug|x64.ActiveCfg = Debug|Any CPU
		{F21A78B5-FB5E-442C-AA5D-26087C1B6C97}.Debug|x64.Build.0 = Debug|Any CPU
		{F21A78B5-FB5E-442C-AA5D-26087C1B6C97}.Debug|x86.ActiveCfg = Debug|Any CPU
		{F21A78B5-FB5E-442C-AA5D-26087C1B6C97}.Debug|x86.Build.0 = Debug|Any CPU
		{F21A78B5-FB5E-442C-AA5D-26087C1B6C97}.Release|Any CPU.ActiveCfg = Release|Any CPU
		{F21A78B5-FB5E-442C-AA5D-26087C1B6C97}.Release|Any CPU.Build.0 = Release|Any CPU
		{F21A78B5-FB5E-442C-AA5D-26087C1B6C97}.Release|Net35.ActiveCfg = Release|Any CPU
		{F21A78B5-FB5E-442C-AA5D-26087C1B6C97}.Release|Net35.Build.0 = Release|Any CPU
		{F21A78B5-FB5E-442C-AA5D-26087C1B6C97}.Release|Net40.ActiveCfg = Release|Any CPU
		{F21A78B5-FB5E-442C-AA5D-26087C1B6C97}.Release|Net40.Build.0 = Release|Any CPU
		{F21A78B5-FB5E-442C-AA5D-26087C1B6C97}.Release|WithNRefactory.ActiveCfg = Release|Any CPU
		{F21A78B5-FB5E-442C-AA5D-26087C1B6C97}.Release|WithNRefactory.Build.0 = Release|Any CPU
		{F21A78B5-FB5E-442C-AA5D-26087C1B6C97}.Release|x64.ActiveCfg = Release|Any CPU
		{F21A78B5-FB5E-442C-AA5D-26087C1B6C97}.Release|x64.Build.0 = Release|Any CPU
		{F21A78B5-FB5E-442C-AA5D-26087C1B6C97}.Release|x86.ActiveCfg = Release|Any CPU
		{F21A78B5-FB5E-442C-AA5D-26087C1B6C97}.Release|x86.Build.0 = Release|Any CPU
		{6EC17D06-7F17-4556-81B0-B27F47603AE0}.Debug|Any CPU.ActiveCfg = Debug|Any CPU
		{6EC17D06-7F17-4556-81B0-B27F47603AE0}.Debug|Any CPU.Build.0 = Debug|Any CPU
		{6EC17D06-7F17-4556-81B0-B27F47603AE0}.Debug|Net35.ActiveCfg = Debug|Any CPU
		{6EC17D06-7F17-4556-81B0-B27F47603AE0}.Debug|Net35.Build.0 = Debug|Any CPU
		{6EC17D06-7F17-4556-81B0-B27F47603AE0}.Debug|Net40.ActiveCfg = Debug|Any CPU
		{6EC17D06-7F17-4556-81B0-B27F47603AE0}.Debug|Net40.Build.0 = Debug|Any CPU
		{6EC17D06-7F17-4556-81B0-B27F47603AE0}.Debug|WithNRefactory.ActiveCfg = Debug|Any CPU
		{6EC17D06-7F17-4556-81B0-B27F47603AE0}.Debug|WithNRefactory.Build.0 = Debug|Any CPU
		{6EC17D06-7F17-4556-81B0-B27F47603AE0}.Debug|x64.ActiveCfg = Debug|Any CPU
		{6EC17D06-7F17-4556-81B0-B27F47603AE0}.Debug|x64.Build.0 = Debug|Any CPU
		{6EC17D06-7F17-4556-81B0-B27F47603AE0}.Debug|x86.ActiveCfg = Debug|Any CPU
		{6EC17D06-7F17-4556-81B0-B27F47603AE0}.Debug|x86.Build.0 = Debug|Any CPU
		{6EC17D06-7F17-4556-81B0-B27F47603AE0}.Release|Any CPU.ActiveCfg = Release|Any CPU
		{6EC17D06-7F17-4556-81B0-B27F47603AE0}.Release|Any CPU.Build.0 = Release|Any CPU
		{6EC17D06-7F17-4556-81B0-B27F47603AE0}.Release|Net35.ActiveCfg = Release|Any CPU
		{6EC17D06-7F17-4556-81B0-B27F47603AE0}.Release|Net35.Build.0 = Release|Any CPU
		{6EC17D06-7F17-4556-81B0-B27F47603AE0}.Release|Net40.ActiveCfg = Release|Any CPU
		{6EC17D06-7F17-4556-81B0-B27F47603AE0}.Release|Net40.Build.0 = Release|Any CPU
		{6EC17D06-7F17-4556-81B0-B27F47603AE0}.Release|WithNRefactory.ActiveCfg = Release|Any CPU
		{6EC17D06-7F17-4556-81B0-B27F47603AE0}.Release|WithNRefactory.Build.0 = Release|Any CPU
		{6EC17D06-7F17-4556-81B0-B27F47603AE0}.Release|x64.ActiveCfg = Release|Any CPU
		{6EC17D06-7F17-4556-81B0-B27F47603AE0}.Release|x64.Build.0 = Release|Any CPU
		{6EC17D06-7F17-4556-81B0-B27F47603AE0}.Release|x86.ActiveCfg = Release|Any CPU
		{6EC17D06-7F17-4556-81B0-B27F47603AE0}.Release|x86.Build.0 = Release|Any CPU
		{2F6FACA1-DFD5-4994-B855-97743F72B190}.Debug|Any CPU.ActiveCfg = Debug|Any CPU
		{2F6FACA1-DFD5-4994-B855-97743F72B190}.Debug|Any CPU.Build.0 = Debug|Any CPU
		{2F6FACA1-DFD5-4994-B855-97743F72B190}.Debug|Net35.ActiveCfg = Debug|Any CPU
		{2F6FACA1-DFD5-4994-B855-97743F72B190}.Debug|Net35.Build.0 = Debug|Any CPU
		{2F6FACA1-DFD5-4994-B855-97743F72B190}.Debug|Net40.ActiveCfg = Debug|Any CPU
		{2F6FACA1-DFD5-4994-B855-97743F72B190}.Debug|Net40.Build.0 = Debug|Any CPU
		{2F6FACA1-DFD5-4994-B855-97743F72B190}.Debug|WithNRefactory.ActiveCfg = Debug|Any CPU
		{2F6FACA1-DFD5-4994-B855-97743F72B190}.Debug|WithNRefactory.Build.0 = Debug|Any CPU
		{2F6FACA1-DFD5-4994-B855-97743F72B190}.Debug|x64.ActiveCfg = Debug|Any CPU
		{2F6FACA1-DFD5-4994-B855-97743F72B190}.Debug|x64.Build.0 = Debug|Any CPU
		{2F6FACA1-DFD5-4994-B855-97743F72B190}.Debug|x86.ActiveCfg = Debug|Any CPU
		{2F6FACA1-DFD5-4994-B855-97743F72B190}.Debug|x86.Build.0 = Debug|Any CPU
		{2F6FACA1-DFD5-4994-B855-97743F72B190}.Release|Any CPU.ActiveCfg = Release|Any CPU
		{2F6FACA1-DFD5-4994-B855-97743F72B190}.Release|Any CPU.Build.0 = Release|Any CPU
		{2F6FACA1-DFD5-4994-B855-97743F72B190}.Release|Net35.ActiveCfg = Release|Any CPU
		{2F6FACA1-DFD5-4994-B855-97743F72B190}.Release|Net35.Build.0 = Release|Any CPU
		{2F6FACA1-DFD5-4994-B855-97743F72B190}.Release|Net40.ActiveCfg = Release|Any CPU
		{2F6FACA1-DFD5-4994-B855-97743F72B190}.Release|Net40.Build.0 = Release|Any CPU
		{2F6FACA1-DFD5-4994-B855-97743F72B190}.Release|WithNRefactory.ActiveCfg = Release|Any CPU
		{2F6FACA1-DFD5-4994-B855-97743F72B190}.Release|WithNRefactory.Build.0 = Release|Any CPU
		{2F6FACA1-DFD5-4994-B855-97743F72B190}.Release|x64.ActiveCfg = Release|Any CPU
		{2F6FACA1-DFD5-4994-B855-97743F72B190}.Release|x64.Build.0 = Release|Any CPU
		{2F6FACA1-DFD5-4994-B855-97743F72B190}.Release|x86.ActiveCfg = Release|Any CPU
		{2F6FACA1-DFD5-4994-B855-97743F72B190}.Release|x86.Build.0 = Release|Any CPU
		{63DD049E-4C62-4231-AEED-C695F1ADE433}.Debug|Any CPU.ActiveCfg = Debug|Any CPU
		{63DD049E-4C62-4231-AEED-C695F1ADE433}.Debug|Any CPU.Build.0 = Debug|Any CPU
		{63DD049E-4C62-4231-AEED-C695F1ADE433}.Debug|Net35.ActiveCfg = Debug|Any CPU
		{63DD049E-4C62-4231-AEED-C695F1ADE433}.Debug|Net35.Build.0 = Debug|Any CPU
		{63DD049E-4C62-4231-AEED-C695F1ADE433}.Debug|Net40.ActiveCfg = Debug|Any CPU
		{63DD049E-4C62-4231-AEED-C695F1ADE433}.Debug|Net40.Build.0 = Debug|Any CPU
		{63DD049E-4C62-4231-AEED-C695F1ADE433}.Debug|WithNRefactory.ActiveCfg = Debug|Any CPU
		{63DD049E-4C62-4231-AEED-C695F1ADE433}.Debug|WithNRefactory.Build.0 = Debug|Any CPU
		{63DD049E-4C62-4231-AEED-C695F1ADE433}.Debug|x64.ActiveCfg = Debug|Any CPU
		{63DD049E-4C62-4231-AEED-C695F1ADE433}.Debug|x64.Build.0 = Debug|Any CPU
		{63DD049E-4C62-4231-AEED-C695F1ADE433}.Debug|x86.ActiveCfg = Debug|Any CPU
		{63DD049E-4C62-4231-AEED-C695F1ADE433}.Debug|x86.Build.0 = Debug|Any CPU
		{63DD049E-4C62-4231-AEED-C695F1ADE433}.Release|Any CPU.ActiveCfg = Release|Any CPU
		{63DD049E-4C62-4231-AEED-C695F1ADE433}.Release|Any CPU.Build.0 = Release|Any CPU
		{63DD049E-4C62-4231-AEED-C695F1ADE433}.Release|Net35.ActiveCfg = Release|Any CPU
		{63DD049E-4C62-4231-AEED-C695F1ADE433}.Release|Net35.Build.0 = Release|Any CPU
		{63DD049E-4C62-4231-AEED-C695F1ADE433}.Release|Net40.ActiveCfg = Release|Any CPU
		{63DD049E-4C62-4231-AEED-C695F1ADE433}.Release|Net40.Build.0 = Release|Any CPU
		{63DD049E-4C62-4231-AEED-C695F1ADE433}.Release|WithNRefactory.ActiveCfg = Release|Any CPU
		{63DD049E-4C62-4231-AEED-C695F1ADE433}.Release|WithNRefactory.Build.0 = Release|Any CPU
		{63DD049E-4C62-4231-AEED-C695F1ADE433}.Release|x64.ActiveCfg = Release|Any CPU
		{63DD049E-4C62-4231-AEED-C695F1ADE433}.Release|x64.Build.0 = Release|Any CPU
		{63DD049E-4C62-4231-AEED-C695F1ADE433}.Release|x86.ActiveCfg = Release|Any CPU
		{63DD049E-4C62-4231-AEED-C695F1ADE433}.Release|x86.Build.0 = Release|Any CPU
		{45854D36-0B33-453F-9BB0-60051F06B1FB}.Debug|Any CPU.ActiveCfg = Debug
		{45854D36-0B33-453F-9BB0-60051F06B1FB}.Debug|Net35.ActiveCfg = Debug
		{45854D36-0B33-453F-9BB0-60051F06B1FB}.Debug|Net40.ActiveCfg = Debug
		{45854D36-0B33-453F-9BB0-60051F06B1FB}.Debug|WithNRefactory.ActiveCfg = Debug
		{45854D36-0B33-453F-9BB0-60051F06B1FB}.Debug|x64.ActiveCfg = Debug
		{45854D36-0B33-453F-9BB0-60051F06B1FB}.Debug|x86.ActiveCfg = Debug
		{45854D36-0B33-453F-9BB0-60051F06B1FB}.Release|Any CPU.ActiveCfg = Release
		{45854D36-0B33-453F-9BB0-60051F06B1FB}.Release|Net35.ActiveCfg = Release
		{45854D36-0B33-453F-9BB0-60051F06B1FB}.Release|Net40.ActiveCfg = Release
		{45854D36-0B33-453F-9BB0-60051F06B1FB}.Release|WithNRefactory.ActiveCfg = Release
		{45854D36-0B33-453F-9BB0-60051F06B1FB}.Release|x64.ActiveCfg = Release
		{45854D36-0B33-453F-9BB0-60051F06B1FB}.Release|x86.ActiveCfg = Release
		{F1A197F6-92A3-4ACE-B093-68BA5D970F52}.Debug|Any CPU.ActiveCfg = Debug|Any CPU
		{F1A197F6-92A3-4ACE-B093-68BA5D970F52}.Debug|Any CPU.Build.0 = Debug|Any CPU
		{F1A197F6-92A3-4ACE-B093-68BA5D970F52}.Debug|Net35.ActiveCfg = Debug|Any CPU
		{F1A197F6-92A3-4ACE-B093-68BA5D970F52}.Debug|Net35.Build.0 = Debug|Any CPU
		{F1A197F6-92A3-4ACE-B093-68BA5D970F52}.Debug|Net40.ActiveCfg = Debug|Any CPU
		{F1A197F6-92A3-4ACE-B093-68BA5D970F52}.Debug|Net40.Build.0 = Debug|Any CPU
		{F1A197F6-92A3-4ACE-B093-68BA5D970F52}.Debug|WithNRefactory.ActiveCfg = Debug|Any CPU
		{F1A197F6-92A3-4ACE-B093-68BA5D970F52}.Debug|WithNRefactory.Build.0 = Debug|Any CPU
		{F1A197F6-92A3-4ACE-B093-68BA5D970F52}.Debug|x64.ActiveCfg = Debug|Any CPU
		{F1A197F6-92A3-4ACE-B093-68BA5D970F52}.Debug|x64.Build.0 = Debug|Any CPU
		{F1A197F6-92A3-4ACE-B093-68BA5D970F52}.Debug|x86.ActiveCfg = Debug|Any CPU
		{F1A197F6-92A3-4ACE-B093-68BA5D970F52}.Debug|x86.Build.0 = Debug|Any CPU
		{F1A197F6-92A3-4ACE-B093-68BA5D970F52}.Release|Any CPU.ActiveCfg = Release|Any CPU
		{F1A197F6-92A3-4ACE-B093-68BA5D970F52}.Release|Any CPU.Build.0 = Release|Any CPU
		{F1A197F6-92A3-4ACE-B093-68BA5D970F52}.Release|Net35.ActiveCfg = Release|Any CPU
		{F1A197F6-92A3-4ACE-B093-68BA5D970F52}.Release|Net35.Build.0 = Release|Any CPU
		{F1A197F6-92A3-4ACE-B093-68BA5D970F52}.Release|Net40.ActiveCfg = Release|Any CPU
		{F1A197F6-92A3-4ACE-B093-68BA5D970F52}.Release|Net40.Build.0 = Release|Any CPU
		{F1A197F6-92A3-4ACE-B093-68BA5D970F52}.Release|WithNRefactory.ActiveCfg = Release|Any CPU
		{F1A197F6-92A3-4ACE-B093-68BA5D970F52}.Release|WithNRefactory.Build.0 = Release|Any CPU
		{F1A197F6-92A3-4ACE-B093-68BA5D970F52}.Release|x64.ActiveCfg = Release|Any CPU
		{F1A197F6-92A3-4ACE-B093-68BA5D970F52}.Release|x64.Build.0 = Release|Any CPU
		{F1A197F6-92A3-4ACE-B093-68BA5D970F52}.Release|x86.ActiveCfg = Release|Any CPU
		{F1A197F6-92A3-4ACE-B093-68BA5D970F52}.Release|x86.Build.0 = Release|Any CPU
		{3B6B0FAC-19AC-4208-8361-CDF2E766DEC2}.Debug|Any CPU.ActiveCfg = Debug|Any CPU
		{3B6B0FAC-19AC-4208-8361-CDF2E766DEC2}.Debug|Any CPU.Build.0 = Debug|Any CPU
		{3B6B0FAC-19AC-4208-8361-CDF2E766DEC2}.Debug|Net35.ActiveCfg = Debug|Any CPU
		{3B6B0FAC-19AC-4208-8361-CDF2E766DEC2}.Debug|Net35.Build.0 = Debug|Any CPU
		{3B6B0FAC-19AC-4208-8361-CDF2E766DEC2}.Debug|Net40.ActiveCfg = Debug|Any CPU
		{3B6B0FAC-19AC-4208-8361-CDF2E766DEC2}.Debug|Net40.Build.0 = Debug|Any CPU
		{3B6B0FAC-19AC-4208-8361-CDF2E766DEC2}.Debug|WithNRefactory.ActiveCfg = Debug|Any CPU
		{3B6B0FAC-19AC-4208-8361-CDF2E766DEC2}.Debug|WithNRefactory.Build.0 = Debug|Any CPU
		{3B6B0FAC-19AC-4208-8361-CDF2E766DEC2}.Debug|x64.ActiveCfg = Debug|Any CPU
		{3B6B0FAC-19AC-4208-8361-CDF2E766DEC2}.Debug|x64.Build.0 = Debug|Any CPU
		{3B6B0FAC-19AC-4208-8361-CDF2E766DEC2}.Debug|x86.ActiveCfg = Debug|Any CPU
		{3B6B0FAC-19AC-4208-8361-CDF2E766DEC2}.Debug|x86.Build.0 = Debug|Any CPU
		{3B6B0FAC-19AC-4208-8361-CDF2E766DEC2}.Release|Any CPU.ActiveCfg = Release|Any CPU
		{3B6B0FAC-19AC-4208-8361-CDF2E766DEC2}.Release|Any CPU.Build.0 = Release|Any CPU
		{3B6B0FAC-19AC-4208-8361-CDF2E766DEC2}.Release|Net35.ActiveCfg = Release|Any CPU
		{3B6B0FAC-19AC-4208-8361-CDF2E766DEC2}.Release|Net35.Build.0 = Release|Any CPU
		{3B6B0FAC-19AC-4208-8361-CDF2E766DEC2}.Release|Net40.ActiveCfg = Release|Any CPU
		{3B6B0FAC-19AC-4208-8361-CDF2E766DEC2}.Release|Net40.Build.0 = Release|Any CPU
		{3B6B0FAC-19AC-4208-8361-CDF2E766DEC2}.Release|WithNRefactory.ActiveCfg = Release|Any CPU
		{3B6B0FAC-19AC-4208-8361-CDF2E766DEC2}.Release|WithNRefactory.Build.0 = Release|Any CPU
		{3B6B0FAC-19AC-4208-8361-CDF2E766DEC2}.Release|x64.ActiveCfg = Release|Any CPU
		{3B6B0FAC-19AC-4208-8361-CDF2E766DEC2}.Release|x64.Build.0 = Release|Any CPU
		{3B6B0FAC-19AC-4208-8361-CDF2E766DEC2}.Release|x86.ActiveCfg = Release|Any CPU
		{3B6B0FAC-19AC-4208-8361-CDF2E766DEC2}.Release|x86.Build.0 = Release|Any CPU
	EndGlobalSection
	GlobalSection(SolutionProperties) = preSolution
		HideSolutionNode = FALSE
	EndGlobalSection
	GlobalSection(NestedProjects) = preSolution
		{45854D36-0B33-453F-9BB0-60051F06B1FB} = {97426D51-D2AA-4F10-96DF-425FB53A36CF}
	EndGlobalSection
	GlobalSection(ExtensibilityGlobals) = postSolution
		SolutionGuid = {670AD371-23DA-44F0-9655-04B7063DBD34}
	EndGlobalSection
EndGlobal
