<?xml version="1.0" encoding="utf-8"?>
<Project ToolsVersion="4.0" xmlns="http://schemas.microsoft.com/developer/msbuild/2003">
  <ItemGroup>
    <Filter Include="tokenizer">
      <UniqueIdentifier>{b62ce8bc-7fad-4c16-b4f7-bae21f0dffb6}</UniqueIdentifier>
    </Filter>
    <Filter Include="dynamic">
      <UniqueIdentifier>{1a4daa5f-ae0a-4dd1-8394-a7865a850df2}</UniqueIdentifier>
    </Filter>
    <Filter Include="parser">
      <UniqueIdentifier>{040a63b2-cb04-4c86-8cac-60b302277cd3}</UniqueIdentifier>
    </Filter>
  </ItemGroup>
  <ItemGroup>
    <ClInclude Include="tokenizer.h">
      <Filter>tokenizer</Filter>
    </ClInclude>
    <ClInclude Include="links.h">
      <Filter>dynamic</Filter>
    </ClInclude>
    <ClInclude Include="winheader.h" />
    <ClInclude Include="syntax.tab.h">
      <Filter>parser</Filter>
    </ClInclude>
    <ClInclude Include="parse.h">
      <Filter>parser</Filter>
    </ClInclude>
    <ClInclude Include="syntaxtree.h">
      <Filter>parser</Filter>
    </ClInclude>
    <ClInclude Include="resources.h" />
  </ItemGroup>
  <ItemGroup>
    <ClCompile Include="lex.yy.c">
      <Filter>tokenizer</Filter>
    </ClCompile>
    <ClCompile Include="tokenizer.c">
      <Filter>tokenizer</Filter>
    </ClCompile>
    <ClCompile Include="syntaxtree.c">
      <Filter>parser</Filter>
    </ClCompile>
    <ClCompile Include="syntax.tab.c">
      <Filter>parser</Filter>
    </ClCompile>
    <ClCompile Include="parse.c">
      <Filter>parser</Filter>
    </ClCompile>
    <ClCompile Include="resources.c" />
  </ItemGroup>
  <ItemGroup>
    <None Include="tokens.l">
      <Filter>tokenizer</Filter>
    </None>
    <None Include="syntax.y">
      <Filter>parser</Filter>
    </None>
    <None Include="parsergen.cmd">
      <Filter>parser</Filter>
    </None>
  </ItemGroup>
</Project>